// !$*UTF8*$!
{
	archiveVersion = 1;
	classes = {
	};
	objectVersion = 56;
	objects = {

/* Begin PBXBuildFile section */
		0B82EE4D2A5BB7F500021F55 /* AppDelegate.swift in Sources */ = {isa = PBXBuildFile; fileRef = 0B82EE4C2A5BB7F500021F55 /* AppDelegate.swift */; };
		0B82EE4F2A5BB7F500021F55 /* GameScene.sks in Resources */ = {isa = PBXBuildFile; fileRef = 0B82EE4E2A5BB7F500021F55 /* GameScene.sks */; };
		0B82EE512A5BB7F500021F55 /* Actions.sks in Resources */ = {isa = PBXBuildFile; fileRef = 0B82EE502A5BB7F500021F55 /* Actions.sks */; };
		0B82EE532A5BB7F500021F55 /* GameScene.swift in Sources */ = {isa = PBXBuildFile; fileRef = 0B82EE522A5BB7F500021F55 /* GameScene.swift */; };
		0B82EE552A5BB7F500021F55 /* GameViewController.swift in Sources */ = {isa = PBXBuildFile; fileRef = 0B82EE542A5BB7F500021F55 /* GameViewController.swift */; };
		0B82EE582A5BB7F500021F55 /* Main.storyboard in Resources */ = {isa = PBXBuildFile; fileRef = 0B82EE562A5BB7F500021F55 /* Main.storyboard */; };
		0B82EE5A2A5BB7F700021F55 /* Assets.xcassets in Resources */ = {isa = PBXBuildFile; fileRef = 0B82EE592A5BB7F700021F55 /* Assets.xcassets */; };
		0B82EE5D2A5BB7F700021F55 /* LaunchScreen.storyboard in Resources */ = {isa = PBXBuildFile; fileRef = 0B82EE5B2A5BB7F700021F55 /* LaunchScreen.storyboard */; };
		0B82EE672A5BB7F700021F55 /* AsteroidsTests.swift in Sources */ = {isa = PBXBuildFile; fileRef = 0B82EE662A5BB7F700021F55 /* AsteroidsTests.swift */; };
		0B82EE712A5BB7F700021F55 /* AsteroidsUITests.swift in Sources */ = {isa = PBXBuildFile; fileRef = 0B82EE702A5BB7F700021F55 /* AsteroidsUITests.swift */; };
		0B82EE732A5BB7F700021F55 /* AsteroidsUITestsLaunchTests.swift in Sources */ = {isa = PBXBuildFile; fileRef = 0B82EE722A5BB7F700021F55 /* AsteroidsUITestsLaunchTests.swift */; };
		0B82EE892A5BBE2900021F55 /* OpeningScene.sks in Resources */ = {isa = PBXBuildFile; fileRef = 0B82EE882A5BBE2900021F55 /* OpeningScene.sks */; };
		0B82EE8B2A5BC0ED00021F55 /* OpeningScene.swift in Sources */ = {isa = PBXBuildFile; fileRef = 0B82EE8A2A5BC0ED00021F55 /* OpeningScene.swift */; };
		0B82EE8D2A5BC1BB00021F55 /* Asteroid.swift in Sources */ = {isa = PBXBuildFile; fileRef = 0B82EE8C2A5BC1BB00021F55 /* Asteroid.swift */; };
		0B82EE8F2A5BC22500021F55 /* Constants.swift in Sources */ = {isa = PBXBuildFile; fileRef = 0B82EE8E2A5BC22500021F55 /* Constants.swift */; };
/* End PBXBuildFile section */

/* Begin PBXContainerItemProxy section */
		0B82EE632A5BB7F700021F55 /* PBXContainerItemProxy */ = {
			isa = PBXContainerItemProxy;
			containerPortal = 0B82EE412A5BB7F500021F55 /* Project object */;
			proxyType = 1;
			remoteGlobalIDString = 0B82EE482A5BB7F500021F55;
			remoteInfo = Asteroids;
		};
		0B82EE6D2A5BB7F700021F55 /* PBXContainerItemProxy */ = {
			isa = PBXContainerItemProxy;
			containerPortal = 0B82EE412A5BB7F500021F55 /* Project object */;
			proxyType = 1;
			remoteGlobalIDString = 0B82EE482A5BB7F500021F55;
			remoteInfo = Asteroids;
		};
/* End PBXContainerItemProxy section */

/* Begin PBXFileReference section */
		0B82EE492A5BB7F500021F55 /* Asteroids.app */ = {isa = PBXFileReference; explicitFileType = wrapper.application; includeInIndex = 0; path = Asteroids.app; sourceTree = BUILT_PRODUCTS_DIR; };
		0B82EE4C2A5BB7F500021F55 /* AppDelegate.swift */ = {isa = PBXFileReference; lastKnownFileType = sourcecode.swift; path = AppDelegate.swift; sourceTree = "<group>"; };
		0B82EE4E2A5BB7F500021F55 /* GameScene.sks */ = {isa = PBXFileReference; lastKnownFileType = file.sks; path = GameScene.sks; sourceTree = "<group>"; };
		0B82EE502A5BB7F500021F55 /* Actions.sks */ = {isa = PBXFileReference; lastKnownFileType = file.sks; path = Actions.sks; sourceTree = "<group>"; };
		0B82EE522A5BB7F500021F55 /* GameScene.swift */ = {isa = PBXFileReference; lastKnownFileType = sourcecode.swift; path = GameScene.swift; sourceTree = "<group>"; };
		0B82EE542A5BB7F500021F55 /* GameViewController.swift */ = {isa = PBXFileReference; lastKnownFileType = sourcecode.swift; path = GameViewController.swift; sourceTree = "<group>"; };
		0B82EE572A5BB7F500021F55 /* Base */ = {isa = PBXFileReference; lastKnownFileType = file.storyboard; name = Base; path = Base.lproj/Main.storyboard; sourceTree = "<group>"; };
		0B82EE592A5BB7F700021F55 /* Assets.xcassets */ = {isa = PBXFileReference; lastKnownFileType = folder.assetcatalog; path = Assets.xcassets; sourceTree = "<group>"; };
		0B82EE5C2A5BB7F700021F55 /* Base */ = {isa = PBXFileReference; lastKnownFileType = file.storyboard; name = Base; path = Base.lproj/LaunchScreen.storyboard; sourceTree = "<group>"; };
		0B82EE622A5BB7F700021F55 /* AsteroidsTests.xctest */ = {isa = PBXFileReference; explicitFileType = wrapper.cfbundle; includeInIndex = 0; path = AsteroidsTests.xctest; sourceTree = BUILT_PRODUCTS_DIR; };
		0B82EE662A5BB7F700021F55 /* AsteroidsTests.swift */ = {isa = PBXFileReference; lastKnownFileType = sourcecode.swift; path = AsteroidsTests.swift; sourceTree = "<group>"; };
		0B82EE6C2A5BB7F700021F55 /* AsteroidsUITests.xctest */ = {isa = PBXFileReference; explicitFileType = wrapper.cfbundle; includeInIndex = 0; path = AsteroidsUITests.xctest; sourceTree = BUILT_PRODUCTS_DIR; };
		0B82EE702A5BB7F700021F55 /* AsteroidsUITests.swift */ = {isa = PBXFileReference; lastKnownFileType = sourcecode.swift; path = AsteroidsUITests.swift; sourceTree = "<group>"; };
		0B82EE722A5BB7F700021F55 /* AsteroidsUITestsLaunchTests.swift */ = {isa = PBXFileReference; lastKnownFileType = sourcecode.swift; path = AsteroidsUITestsLaunchTests.swift; sourceTree = "<group>"; };
		0B82EE7F2A5BB8AE00021F55 /* Info.plist */ = {isa = PBXFileReference; lastKnownFileType = text.plist; path = Info.plist; sourceTree = "<group>"; };
		0B82EE882A5BBE2900021F55 /* OpeningScene.sks */ = {isa = PBXFileReference; lastKnownFileType = file.sks; path = OpeningScene.sks; sourceTree = "<group>"; };
		0B82EE8A2A5BC0ED00021F55 /* OpeningScene.swift */ = {isa = PBXFileReference; lastKnownFileType = sourcecode.swift; path = OpeningScene.swift; sourceTree = "<group>"; };
		0B82EE8C2A5BC1BB00021F55 /* Asteroid.swift */ = {isa = PBXFileReference; lastKnownFileType = sourcecode.swift; path = Asteroid.swift; sourceTree = "<group>"; };
		0B82EE8E2A5BC22500021F55 /* Constants.swift */ = {isa = PBXFileReference; lastKnownFileType = sourcecode.swift; path = Constants.swift; sourceTree = "<group>"; };
/* End PBXFileReference section */

/* Begin PBXFrameworksBuildPhase section */
		0B82EE462A5BB7F500021F55 /* Frameworks */ = {
			isa = PBXFrameworksBuildPhase;
			buildActionMask = 2147483647;
			files = (
			);
			runOnlyForDeploymentPostprocessing = 0;
		};
		0B82EE5F2A5BB7F700021F55 /* Frameworks */ = {
			isa = PBXFrameworksBuildPhase;
			buildActionMask = 2147483647;
			files = (
			);
			runOnlyForDeploymentPostprocessing = 0;
		};
		0B82EE692A5BB7F700021F55 /* Frameworks */ = {
			isa = PBXFrameworksBuildPhase;
			buildActionMask = 2147483647;
			files = (
			);
			runOnlyForDeploymentPostprocessing = 0;
		};
/* End PBXFrameworksBuildPhase section */

/* Begin PBXGroup section */
		0B82EE402A5BB7F500021F55 = {
			isa = PBXGroup;
			children = (
				0B82EE4B2A5BB7F500021F55 /* Asteroids */,
				0B82EE652A5BB7F700021F55 /* AsteroidsTests */,
				0B82EE6F2A5BB7F700021F55 /* AsteroidsUITests */,
				0B82EE4A2A5BB7F500021F55 /* Products */,
			);
			sourceTree = "<group>";
		};
		0B82EE4A2A5BB7F500021F55 /* Products */ = {
			isa = PBXGroup;
			children = (
				0B82EE492A5BB7F500021F55 /* Asteroids.app */,
				0B82EE622A5BB7F700021F55 /* AsteroidsTests.xctest */,
				0B82EE6C2A5BB7F700021F55 /* AsteroidsUITests.xctest */,
			);
			name = Products;
			sourceTree = "<group>";
		};
		0B82EE4B2A5BB7F500021F55 /* Asteroids */ = {
			isa = PBXGroup;
			children = (
				0B82EE4C2A5BB7F500021F55 /* AppDelegate.swift */,
				0B82EE8E2A5BC22500021F55 /* Constants.swift */,
				0B82EE542A5BB7F500021F55 /* GameViewController.swift */,
				0B82EE562A5BB7F500021F55 /* Main.storyboard */,
				0B82EE7F2A5BB8AE00021F55 /* Info.plist */,
				0B82EE802A5BB91200021F55 /* Resources */,
				0B82EE852A5BB9BA00021F55 /* Scene */,
			);
			path = Asteroids;
			sourceTree = "<group>";
		};
		0B82EE652A5BB7F700021F55 /* AsteroidsTests */ = {
			isa = PBXGroup;
			children = (
				0B82EE662A5BB7F700021F55 /* AsteroidsTests.swift */,
			);
			path = AsteroidsTests;
			sourceTree = "<group>";
		};
		0B82EE6F2A5BB7F700021F55 /* AsteroidsUITests */ = {
			isa = PBXGroup;
			children = (
				0B82EE702A5BB7F700021F55 /* AsteroidsUITests.swift */,
				0B82EE722A5BB7F700021F55 /* AsteroidsUITestsLaunchTests.swift */,
			);
			path = AsteroidsUITests;
			sourceTree = "<group>";
		};
		0B82EE802A5BB91200021F55 /* Resources */ = {
			isa = PBXGroup;
			children = (
				0B82EE832A5BB93700021F55 /* Graphics */,
				0B82EE822A5BB92900021F55 /* Songs */,
				0B82EE812A5BB92200021F55 /* Fonts */,
			);
			path = Resources;
			sourceTree = "<group>";
		};
		0B82EE812A5BB92200021F55 /* Fonts */ = {
			isa = PBXGroup;
			children = (
			);
			path = Fonts;
			sourceTree = "<group>";
		};
		0B82EE822A5BB92900021F55 /* Songs */ = {
			isa = PBXGroup;
			children = (
			);
			path = Songs;
			sourceTree = "<group>";
		};
		0B82EE832A5BB93700021F55 /* Graphics */ = {
			isa = PBXGroup;
			children = (
				0B82EE592A5BB7F700021F55 /* Assets.xcassets */,
			);
			path = Graphics;
			sourceTree = "<group>";
		};
		0B82EE842A5BB95E00021F55 /* GameScene */ = {
			isa = PBXGroup;
			children = (
				0B82EE4E2A5BB7F500021F55 /* GameScene.sks */,
				0B82EE502A5BB7F500021F55 /* Actions.sks */,
				0B82EE522A5BB7F500021F55 /* GameScene.swift */,
				0B82EE8C2A5BC1BB00021F55 /* Asteroid.swift */,
			);
			path = GameScene;
			sourceTree = "<group>";
		};
		0B82EE852A5BB9BA00021F55 /* Scene */ = {
			isa = PBXGroup;
			children = (
				0B82EE872A5BB9CB00021F55 /* LaunchScene */,
				0B82EE862A5BB9C200021F55 /* OpeningScene */,
				0B82EE842A5BB95E00021F55 /* GameScene */,
			);
			path = Scene;
			sourceTree = "<group>";
		};
		0B82EE862A5BB9C200021F55 /* OpeningScene */ = {
			isa = PBXGroup;
			children = (
				0B82EE882A5BBE2900021F55 /* OpeningScene.sks */,
				0B82EE8A2A5BC0ED00021F55 /* OpeningScene.swift */,
			);
			path = OpeningScene;
			sourceTree = "<group>";
		};
		0B82EE872A5BB9CB00021F55 /* LaunchScene */ = {
			isa = PBXGroup;
			children = (
				0B82EE5B2A5BB7F700021F55 /* LaunchScreen.storyboard */,
			);
			path = LaunchScene;
			sourceTree = "<group>";
		};
/* End PBXGroup section */

/* Begin PBXNativeTarget section */
		0B82EE482A5BB7F500021F55 /* Asteroids */ = {
			isa = PBXNativeTarget;
			buildConfigurationList = 0B82EE762A5BB7F700021F55 /* Build configuration list for PBXNativeTarget "Asteroids" */;
			buildPhases = (
				0B82EE452A5BB7F500021F55 /* Sources */,
				0B82EE462A5BB7F500021F55 /* Frameworks */,
				0B82EE472A5BB7F500021F55 /* Resources */,
			);
			buildRules = (
			);
			dependencies = (
			);
			name = Asteroids;
			productName = Asteroids;
			productReference = 0B82EE492A5BB7F500021F55 /* Asteroids.app */;
			productType = "com.apple.product-type.application";
		};
		0B82EE612A5BB7F700021F55 /* AsteroidsTests */ = {
			isa = PBXNativeTarget;
			buildConfigurationList = 0B82EE792A5BB7F700021F55 /* Build configuration list for PBXNativeTarget "AsteroidsTests" */;
			buildPhases = (
				0B82EE5E2A5BB7F700021F55 /* Sources */,
				0B82EE5F2A5BB7F700021F55 /* Frameworks */,
				0B82EE602A5BB7F700021F55 /* Resources */,
			);
			buildRules = (
			);
			dependencies = (
				0B82EE642A5BB7F700021F55 /* PBXTargetDependency */,
			);
			name = AsteroidsTests;
			productName = AsteroidsTests;
			productReference = 0B82EE622A5BB7F700021F55 /* AsteroidsTests.xctest */;
			productType = "com.apple.product-type.bundle.unit-test";
		};
		0B82EE6B2A5BB7F700021F55 /* AsteroidsUITests */ = {
			isa = PBXNativeTarget;
			buildConfigurationList = 0B82EE7C2A5BB7F700021F55 /* Build configuration list for PBXNativeTarget "AsteroidsUITests" */;
			buildPhases = (
				0B82EE682A5BB7F700021F55 /* Sources */,
				0B82EE692A5BB7F700021F55 /* Frameworks */,
				0B82EE6A2A5BB7F700021F55 /* Resources */,
			);
			buildRules = (
			);
			dependencies = (
				0B82EE6E2A5BB7F700021F55 /* PBXTargetDependency */,
			);
			name = AsteroidsUITests;
			productName = AsteroidsUITests;
			productReference = 0B82EE6C2A5BB7F700021F55 /* AsteroidsUITests.xctest */;
			productType = "com.apple.product-type.bundle.ui-testing";
		};
/* End PBXNativeTarget section */

/* Begin PBXProject section */
		0B82EE412A5BB7F500021F55 /* Project object */ = {
			isa = PBXProject;
			attributes = {
				BuildIndependentTargetsInParallel = 1;
				LastSwiftUpdateCheck = 1430;
				LastUpgradeCheck = 1430;
				TargetAttributes = {
					0B82EE482A5BB7F500021F55 = {
						CreatedOnToolsVersion = 14.3.1;
					};
					0B82EE612A5BB7F700021F55 = {
						CreatedOnToolsVersion = 14.3.1;
						TestTargetID = 0B82EE482A5BB7F500021F55;
					};
					0B82EE6B2A5BB7F700021F55 = {
						CreatedOnToolsVersion = 14.3.1;
						TestTargetID = 0B82EE482A5BB7F500021F55;
					};
				};
			};
			buildConfigurationList = 0B82EE442A5BB7F500021F55 /* Build configuration list for PBXProject "Asteroids" */;
			compatibilityVersion = "Xcode 14.0";
			developmentRegion = en;
			hasScannedForEncodings = 0;
			knownRegions = (
				en,
				Base,
			);
			mainGroup = 0B82EE402A5BB7F500021F55;
			productRefGroup = 0B82EE4A2A5BB7F500021F55 /* Products */;
			projectDirPath = "";
			projectRoot = "";
			targets = (
				0B82EE482A5BB7F500021F55 /* Asteroids */,
				0B82EE612A5BB7F700021F55 /* AsteroidsTests */,
				0B82EE6B2A5BB7F700021F55 /* AsteroidsUITests */,
			);
		};
/* End PBXProject section */

/* Begin PBXResourcesBuildPhase section */
		0B82EE472A5BB7F500021F55 /* Resources */ = {
			isa = PBXResourcesBuildPhase;
			buildActionMask = 2147483647;
			files = (
				0B82EE582A5BB7F500021F55 /* Main.storyboard in Resources */,
				0B82EE4F2A5BB7F500021F55 /* GameScene.sks in Resources */,
				0B82EE5A2A5BB7F700021F55 /* Assets.xcassets in Resources */,
				0B82EE5D2A5BB7F700021F55 /* LaunchScreen.storyboard in Resources */,
				0B82EE512A5BB7F500021F55 /* Actions.sks in Resources */,
				0B82EE892A5BBE2900021F55 /* OpeningScene.sks in Resources */,
			);
			runOnlyForDeploymentPostprocessing = 0;
		};
		0B82EE602A5BB7F700021F55 /* Resources */ = {
			isa = PBXResourcesBuildPhase;
			buildActionMask = 2147483647;
			files = (
			);
			runOnlyForDeploymentPostprocessing = 0;
		};
		0B82EE6A2A5BB7F700021F55 /* Resources */ = {
			isa = PBXResourcesBuildPhase;
			buildActionMask = 2147483647;
			files = (
			);
			runOnlyForDeploymentPostprocessing = 0;
		};
/* End PBXResourcesBuildPhase section */

/* Begin PBXSourcesBuildPhase section */
		0B82EE452A5BB7F500021F55 /* Sources */ = {
			isa = PBXSourcesBuildPhase;
			buildActionMask = 2147483647;
			files = (
				0B82EE532A5BB7F500021F55 /* GameScene.swift in Sources */,
				0B82EE552A5BB7F500021F55 /* GameViewController.swift in Sources */,
				0B82EE4D2A5BB7F500021F55 /* AppDelegate.swift in Sources */,
				0B82EE8B2A5BC0ED00021F55 /* OpeningScene.swift in Sources */,
				0B82EE8D2A5BC1BB00021F55 /* Asteroid.swift in Sources */,
				0B82EE8F2A5BC22500021F55 /* Constants.swift in Sources */,
			);
			runOnlyForDeploymentPostprocessing = 0;
		};
		0B82EE5E2A5BB7F700021F55 /* Sources */ = {
			isa = PBXSourcesBuildPhase;
			buildActionMask = 2147483647;
			files = (
				0B82EE672A5BB7F700021F55 /* AsteroidsTests.swift in Sources */,
			);
			runOnlyForDeploymentPostprocessing = 0;
		};
		0B82EE682A5BB7F700021F55 /* Sources */ = {
			isa = PBXSourcesBuildPhase;
			buildActionMask = 2147483647;
			files = (
				0B82EE712A5BB7F700021F55 /* AsteroidsUITests.swift in Sources */,
				0B82EE732A5BB7F700021F55 /* AsteroidsUITestsLaunchTests.swift in Sources */,
			);
			runOnlyForDeploymentPostprocessing = 0;
		};
/* End PBXSourcesBuildPhase section */

/* Begin PBXTargetDependency section */
		0B82EE642A5BB7F700021F55 /* PBXTargetDependency */ = {
			isa = PBXTargetDependency;
			target = 0B82EE482A5BB7F500021F55 /* Asteroids */;
			targetProxy = 0B82EE632A5BB7F700021F55 /* PBXContainerItemProxy */;
		};
		0B82EE6E2A5BB7F700021F55 /* PBXTargetDependency */ = {
			isa = PBXTargetDependency;
			target = 0B82EE482A5BB7F500021F55 /* Asteroids */;
			targetProxy = 0B82EE6D2A5BB7F700021F55 /* PBXContainerItemProxy */;
		};
/* End PBXTargetDependency section */

/* Begin PBXVariantGroup section */
		0B82EE562A5BB7F500021F55 /* Main.storyboard */ = {
			isa = PBXVariantGroup;
			children = (
				0B82EE572A5BB7F500021F55 /* Base */,
			);
			name = Main.storyboard;
			sourceTree = "<group>";
		};
		0B82EE5B2A5BB7F700021F55 /* LaunchScreen.storyboard */ = {
			isa = PBXVariantGroup;
			children = (
				0B82EE5C2A5BB7F700021F55 /* Base */,
			);
			name = LaunchScreen.storyboard;
			sourceTree = "<group>";
		};
/* End PBXVariantGroup section */

/* Begin XCBuildConfiguration section */
		0B82EE742A5BB7F700021F55 /* Debug */ = {
			isa = XCBuildConfiguration;
			buildSettings = {
				ALWAYS_SEARCH_USER_PATHS = NO;
				CLANG_ANALYZER_NONNULL = YES;
				CLANG_ANALYZER_NUMBER_OBJECT_CONVERSION = YES_AGGRESSIVE;
				CLANG_CXX_LANGUAGE_STANDARD = "gnu++20";
				CLANG_ENABLE_MODULES = YES;
				CLANG_ENABLE_OBJC_ARC = YES;
				CLANG_ENABLE_OBJC_WEAK = YES;
				CLANG_WARN_BLOCK_CAPTURE_AUTORELEASING = YES;
				CLANG_WARN_BOOL_CONVERSION = YES;
				CLANG_WARN_COMMA = YES;
				CLANG_WARN_CONSTANT_CONVERSION = YES;
				CLANG_WARN_DEPRECATED_OBJC_IMPLEMENTATIONS = YES;
				CLANG_WARN_DIRECT_OBJC_ISA_USAGE = YES_ERROR;
				CLANG_WARN_DOCUMENTATION_COMMENTS = YES;
				CLANG_WARN_EMPTY_BODY = YES;
				CLANG_WARN_ENUM_CONVERSION = YES;
				CLANG_WARN_INFINITE_RECURSION = YES;
				CLANG_WARN_INT_CONVERSION = YES;
				CLANG_WARN_NON_LITERAL_NULL_CONVERSION = YES;
				CLANG_WARN_OBJC_IMPLICIT_RETAIN_SELF = YES;
				CLANG_WARN_OBJC_LITERAL_CONVERSION = YES;
				CLANG_WARN_OBJC_ROOT_CLASS = YES_ERROR;
				CLANG_WARN_QUOTED_INCLUDE_IN_FRAMEWORK_HEADER = YES;
				CLANG_WARN_RANGE_LOOP_ANALYSIS = YES;
				CLANG_WARN_STRICT_PROTOTYPES = YES;
				CLANG_WARN_SUSPICIOUS_MOVE = YES;
				CLANG_WARN_UNGUARDED_AVAILABILITY = YES_AGGRESSIVE;
				CLANG_WARN_UNREACHABLE_CODE = YES;
				CLANG_WARN__DUPLICATE_METHOD_MATCH = YES;
				COPY_PHASE_STRIP = NO;
				DEBUG_INFORMATION_FORMAT = dwarf;
				ENABLE_STRICT_OBJC_MSGSEND = YES;
				ENABLE_TESTABILITY = YES;
				GCC_C_LANGUAGE_STANDARD = gnu11;
				GCC_DYNAMIC_NO_PIC = NO;
				GCC_NO_COMMON_BLOCKS = YES;
				GCC_OPTIMIZATION_LEVEL = 0;
				GCC_PREPROCESSOR_DEFINITIONS = (
					"DEBUG=1",
					"$(inherited)",
				);
				GCC_WARN_64_TO_32_BIT_CONVERSION = YES;
				GCC_WARN_ABOUT_RETURN_TYPE = YES_ERROR;
				GCC_WARN_UNDECLARED_SELECTOR = YES;
				GCC_WARN_UNINITIALIZED_AUTOS = YES_AGGRESSIVE;
				GCC_WARN_UNUSED_FUNCTION = YES;
				GCC_WARN_UNUSED_VARIABLE = YES;
				IPHONEOS_DEPLOYMENT_TARGET = 16.4;
				MTL_ENABLE_DEBUG_INFO = INCLUDE_SOURCE;
				MTL_FAST_MATH = YES;
				ONLY_ACTIVE_ARCH = YES;
				SDKROOT = iphoneos;
				SWIFT_ACTIVE_COMPILATION_CONDITIONS = DEBUG;
				SWIFT_OPTIMIZATION_LEVEL = "-Onone";
			};
			name = Debug;
		};
		0B82EE752A5BB7F700021F55 /* Release */ = {
			isa = XCBuildConfiguration;
			buildSettings = {
				ALWAYS_SEARCH_USER_PATHS = NO;
				CLANG_ANALYZER_NONNULL = YES;
				CLANG_ANALYZER_NUMBER_OBJECT_CONVERSION = YES_AGGRESSIVE;
				CLANG_CXX_LANGUAGE_STANDARD = "gnu++20";
				CLANG_ENABLE_MODULES = YES;
				CLANG_ENABLE_OBJC_ARC = YES;
				CLANG_ENABLE_OBJC_WEAK = YES;
				CLANG_WARN_BLOCK_CAPTURE_AUTORELEASING = YES;
				CLANG_WARN_BOOL_CONVERSION = YES;
				CLANG_WARN_COMMA = YES;
				CLANG_WARN_CONSTANT_CONVERSION = YES;
				CLANG_WARN_DEPRECATED_OBJC_IMPLEMENTATIONS = YES;
				CLANG_WARN_DIRECT_OBJC_ISA_USAGE = YES_ERROR;
				CLANG_WARN_DOCUMENTATION_COMMENTS = YES;
				CLANG_WARN_EMPTY_BODY = YES;
				CLANG_WARN_ENUM_CONVERSION = YES;
				CLANG_WARN_INFINITE_RECURSION = YES;
				CLANG_WARN_INT_CONVERSION = YES;
				CLANG_WARN_NON_LITERAL_NULL_CONVERSION = YES;
				CLANG_WARN_OBJC_IMPLICIT_RETAIN_SELF = YES;
				CLANG_WARN_OBJC_LITERAL_CONVERSION = YES;
				CLANG_WARN_OBJC_ROOT_CLASS = YES_ERROR;
				CLANG_WARN_QUOTED_INCLUDE_IN_FRAMEWORK_HEADER = YES;
				CLANG_WARN_RANGE_LOOP_ANALYSIS = YES;
				CLANG_WARN_STRICT_PROTOTYPES = YES;
				CLANG_WARN_SUSPICIOUS_MOVE = YES;
				CLANG_WARN_UNGUARDED_AVAILABILITY = YES_AGGRESSIVE;
				CLANG_WARN_UNREACHABLE_CODE = YES;
				CLANG_WARN__DUPLICATE_METHOD_MATCH = YES;
				COPY_PHASE_STRIP = NO;
				DEBUG_INFORMATION_FORMAT = "dwarf-with-dsym";
				ENABLE_NS_ASSERTIONS = NO;
				ENABLE_STRICT_OBJC_MSGSEND = YES;
				GCC_C_LANGUAGE_STANDARD = gnu11;
				GCC_NO_COMMON_BLOCKS = YES;
				GCC_WARN_64_TO_32_BIT_CONVERSION = YES;
				GCC_WARN_ABOUT_RETURN_TYPE = YES_ERROR;
				GCC_WARN_UNDECLARED_SELECTOR = YES;
				GCC_WARN_UNINITIALIZED_AUTOS = YES_AGGRESSIVE;
				GCC_WARN_UNUSED_FUNCTION = YES;
				GCC_WARN_UNUSED_VARIABLE = YES;
				IPHONEOS_DEPLOYMENT_TARGET = 16.4;
				MTL_ENABLE_DEBUG_INFO = NO;
				MTL_FAST_MATH = YES;
				SDKROOT = iphoneos;
				SWIFT_COMPILATION_MODE = wholemodule;
				SWIFT_OPTIMIZATION_LEVEL = "-O";
				VALIDATE_PRODUCT = YES;
			};
			name = Release;
		};
		0B82EE772A5BB7F700021F55 /* Debug */ = {
			isa = XCBuildConfiguration;
			buildSettings = {
				ASSETCATALOG_COMPILER_APPICON_NAME = AppIcon;
				ASSETCATALOG_COMPILER_GLOBAL_ACCENT_COLOR_NAME = AccentColor;
				CODE_SIGN_STYLE = Automatic;
				CURRENT_PROJECT_VERSION = 1;
				DEVELOPMENT_TEAM = 6FK777K42X;
				GENERATE_INFOPLIST_FILE = YES;
				INFOPLIST_FILE = Asteroids/Info.plist;
				INFOPLIST_KEY_UIApplicationSupportsIndirectInputEvents = YES;
				INFOPLIST_KEY_UILaunchStoryboardName = LaunchScreen;
				INFOPLIST_KEY_UIMainStoryboardFile = Main;
				INFOPLIST_KEY_UIRequiresFullScreen = YES;
				INFOPLIST_KEY_UIStatusBarHidden = YES;
				INFOPLIST_KEY_UISupportedInterfaceOrientations = "UIInterfaceOrientationLandscapeLeft UIInterfaceOrientationLandscapeRight UIInterfaceOrientationPortrait";
				INFOPLIST_KEY_UISupportedInterfaceOrientations_iPad = "UIInterfaceOrientationLandscapeLeft UIInterfaceOrientationLandscapeRight";
				LD_RUNPATH_SEARCH_PATHS = (
					"$(inherited)",
					"@executable_path/Frameworks",
				);
				MARKETING_VERSION = 1.0;
				PRODUCT_BUNDLE_IDENTIFIER = Bruno.Asteroids;
				PRODUCT_NAME = "$(TARGET_NAME)";
				SUPPORTED_PLATFORMS = "iphoneos iphonesimulator";
				SUPPORTS_MACCATALYST = NO;
				SUPPORTS_MAC_DESIGNED_FOR_IPHONE_IPAD = NO;
				SWIFT_EMIT_LOC_STRINGS = YES;
				SWIFT_VERSION = 5.0;
				TARGETED_DEVICE_FAMILY = 2;
			};
			name = Debug;
		};
		0B82EE782A5BB7F700021F55 /* Release */ = {
			isa = XCBuildConfiguration;
			buildSettings = {
				ASSETCATALOG_COMPILER_APPICON_NAME = AppIcon;
				ASSETCATALOG_COMPILER_GLOBAL_ACCENT_COLOR_NAME = AccentColor;
				CODE_SIGN_STYLE = Automatic;
				CURRENT_PROJECT_VERSION = 1;
				DEVELOPMENT_TEAM = 6FK777K42X;
				GENERATE_INFOPLIST_FILE = YES;
				INFOPLIST_FILE = Asteroids/Info.plist;
				INFOPLIST_KEY_UIApplicationSupportsIndirectInputEvents = YES;
				INFOPLIST_KEY_UILaunchStoryboardName = LaunchScreen;
				INFOPLIST_KEY_UIMainStoryboardFile = Main;
				INFOPLIST_KEY_UIRequiresFullScreen = YES;
				INFOPLIST_KEY_UIStatusBarHidden = YES;
				INFOPLIST_KEY_UISupportedInterfaceOrientations = "UIInterfaceOrientationLandscapeLeft UIInterfaceOrientationLandscapeRight UIInterfaceOrientationPortrait";
				INFOPLIST_KEY_UISupportedInterfaceOrientations_iPad = "UIInterfaceOrientationLandscapeLeft UIInterfaceOrientationLandscapeRight";
				LD_RUNPATH_SEARCH_PATHS = (
					"$(inherited)",
					"@executable_path/Frameworks",
				);
				MARKETING_VERSION = 1.0;
				PRODUCT_BUNDLE_IDENTIFIER = Bruno.Asteroids;
				PRODUCT_NAME = "$(TARGET_NAME)";
				SUPPORTED_PLATFORMS = "iphoneos iphonesimulator";
				SUPPORTS_MACCATALYST = NO;
				SUPPORTS_MAC_DESIGNED_FOR_IPHONE_IPAD = NO;
				SWIFT_EMIT_LOC_STRINGS = YES;
				SWIFT_VERSION = 5.0;
				TARGETED_DEVICE_FAMILY = 2;
			};
			name = Release;
		};
		0B82EE7A2A5BB7F700021F55 /* Debug */ = {
			isa = XCBuildConfiguration;
			buildSettings = {
				ALWAYS_EMBED_SWIFT_STANDARD_LIBRARIES = YES;
				BUNDLE_LOADER = "$(TEST_HOST)";
				CODE_SIGN_STYLE = Automatic;
				CURRENT_PROJECT_VERSION = 1;
				DEVELOPMENT_TEAM = 6FK777K42X;
				GENERATE_INFOPLIST_FILE = YES;
				IPHONEOS_DEPLOYMENT_TARGET = 16.4;
				MARKETING_VERSION = 1.0;
				PRODUCT_BUNDLE_IDENTIFIER = Bruno.AsteroidsTests;
				PRODUCT_NAME = "$(TARGET_NAME)";
				SWIFT_EMIT_LOC_STRINGS = NO;
				SWIFT_VERSION = 5.0;
				TARGETED_DEVICE_FAMILY = "1,2";
				TEST_HOST = "$(BUILT_PRODUCTS_DIR)/Asteroids.app/$(BUNDLE_EXECUTABLE_FOLDER_PATH)/Asteroids";
			};
			name = Debug;
		};
		0B82EE7B2A5BB7F700021F55 /* Release */ = {
			isa = XCBuildConfiguration;
			buildSettings = {
				ALWAYS_EMBED_SWIFT_STANDARD_LIBRARIES = YES;
				BUNDLE_LOADER = "$(TEST_HOST)";
				CODE_SIGN_STYLE = Automatic;
				CURRENT_PROJECT_VERSION = 1;
				DEVELOPMENT_TEAM = 6FK777K42X;
				GENERATE_INFOPLIST_FILE = YES;
				IPHONEOS_DEPLOYMENT_TARGET = 16.4;
				MARKETING_VERSION = 1.0;
				PRODUCT_BUNDLE_IDENTIFIER = Bruno.AsteroidsTests;
				PRODUCT_NAME = "$(TARGET_NAME)";
				SWIFT_EMIT_LOC_STRINGS = NO;
				SWIFT_VERSION = 5.0;
				TARGETED_DEVICE_FAMILY = "1,2";
				TEST_HOST = "$(BUILT_PRODUCTS_DIR)/Asteroids.app/$(BUNDLE_EXECUTABLE_FOLDER_PATH)/Asteroids";
			};
			name = Release;
		};
		0B82EE7D2A5BB7F700021F55 /* Debug */ = {
			isa = XCBuildConfiguration;
			buildSettings = {
				ALWAYS_EMBED_SWIFT_STANDARD_LIBRARIES = YES;
				CODE_SIGN_STYLE = Automatic;
				CURRENT_PROJECT_VERSION = 1;
				DEVELOPMENT_TEAM = 6FK777K42X;
				GENERATE_INFOPLIST_FILE = YES;
				MARKETING_VERSION = 1.0;
				PRODUCT_BUNDLE_IDENTIFIER = Bruno.AsteroidsUITests;
				PRODUCT_NAME = "$(TARGET_NAME)";
				SWIFT_EMIT_LOC_STRINGS = NO;
				SWIFT_VERSION = 5.0;
				TARGETED_DEVICE_FAMILY = "1,2";
				TEST_TARGET_NAME = Asteroids;
			};
			name = Debug;
		};
		0B82EE7E2A5BB7F700021F55 /* Release */ = {
			isa = XCBuildConfiguration;
			buildSettings = {
				ALWAYS_EMBED_SWIFT_STANDARD_LIBRARIES = YES;
				CODE_SIGN_STYLE = Automatic;
				CURRENT_PROJECT_VERSION = 1;
				DEVELOPMENT_TEAM = 6FK777K42X;
				GENERATE_INFOPLIST_FILE = YES;
				MARKETING_VERSION = 1.0;
				PRODUCT_BUNDLE_IDENTIFIER = Bruno.AsteroidsUITests;
				PRODUCT_NAME = "$(TARGET_NAME)";
				SWIFT_EMIT_LOC_STRINGS = NO;
				SWIFT_VERSION = 5.0;
				TARGETED_DEVICE_FAMILY = "1,2";
				TEST_TARGET_NAME = Asteroids;
			};
			name = Release;
		};
/* End XCBuildConfiguration section */

/* Begin XCConfigurationList section */
		0B82EE442A5BB7F500021F55 /* Build configuration list for PBXProject "Asteroids" */ = {
			isa = XCConfigurationList;
			buildConfigurations = (
				0B82EE742A5BB7F700021F55 /* Debug */,
				0B82EE752A5BB7F700021F55 /* Release */,
			);
			defaultConfigurationIsVisible = 0;
			defaultConfigurationName = Release;
		};
		0B82EE762A5BB7F700021F55 /* Build configuration list for PBXNativeTarget "Asteroids" */ = {
			isa = XCConfigurationList;
			buildConfigurations = (
				0B82EE772A5BB7F700021F55 /* Debug */,
				0B82EE782A5BB7F700021F55 /* Release */,
			);
			defaultConfigurationIsVisible = 0;
			defaultConfigurationName = Release;
		};
		0B82EE792A5BB7F700021F55 /* Build configuration list for PBXNativeTarget "AsteroidsTests" */ = {
			isa = XCConfigurationList;
			buildConfigurations = (
				0B82EE7A2A5BB7F700021F55 /* Debug */,
				0B82EE7B2A5BB7F700021F55 /* Release */,
			);
			defaultConfigurationIsVisible = 0;
			defaultConfigurationName = Release;
		};
		0B82EE7C2A5BB7F700021F55 /* Build configuration list for PBXNativeTarget "AsteroidsUITests" */ = {
			isa = XCConfigurationList;
			buildConfigurations = (
				0B82EE7D2A5BB7F700021F55 /* Debug */,
				0B82EE7E2A5BB7F700021F55 /* Release */,
			);
			defaultConfigurationIsVisible = 0;
			defaultConfigurationName = Release;
		};
/* End XCConfigurationList section */
	};
	rootObject = 0B82EE412A5BB7F500021F55 /* Project object */;
}
